
Microsoft Visual Studio Solution File, Format Version 12.00
# Visual Studio 15
VisualStudioVersion = 15.0.27703.2018
MinimumVisualStudioVersion = 10.0.40219.1
Project("{FAE04EC0-301F-11D3-BF4B-00C04F79EFBC}") = "MapsuiFormsSample.Android", "MapsuiFormsSample\MapsuiFormsSample.Android\MapsuiFormsSample.Android.csproj", "{7390711C-2CFB-4D4C-A0F0-E59EED84D698}"
EndProject
Project("{FAE04EC0-301F-11D3-BF4B-00C04F79EFBC}") = "MapsuiFormsSample.iOS", "MapsuiFormsSample\MapsuiFormsSample.iOS\MapsuiFormsSample.iOS.csproj", "{19E65F72-A079-4762-8913-98C924F4BBF8}"
EndProject
Project("{FAE04EC0-301F-11D3-BF4B-00C04F79EFBC}") = "MapsuiFormsSample", "MapsuiFormsSample\MapsuiFormsSample\MapsuiFormsSample.csproj", "{09AD7B15-06A4-40DF-AA79-D569E7BE2AA0}"
EndProject
Global
	GlobalSection(SolutionConfigurationPlatforms) = preSolution
		Ad-Hoc|Any CPU = Ad-Hoc|Any CPU
		Ad-Hoc|iPhone = Ad-Hoc|iPhone
		Ad-Hoc|iPhoneSimulator = Ad-Hoc|iPhoneSimulator
		AppStore|Any CPU = AppStore|Any CPU
		AppStore|iPhone = AppStore|iPhone
		AppStore|iPhoneSimulator = AppStore|iPhoneSimulator
		Debug|Any CPU = Debug|Any CPU
		Debug|iPhone = Debug|iPhone
		Debug|iPhoneSimulator = Debug|iPhoneSimulator
		Release|Any CPU = Release|Any CPU
		Release|iPhone = Release|iPhone
		Release|iPhoneSimulator = Release|iPhoneSimulator
	EndGlobalSection
	GlobalSection(ProjectConfigurationPlatforms) = postSolution
		{7390711C-2CFB-4D4C-A0F0-E59EED84D698}.Ad-Hoc|Any CPU.ActiveCfg = Release|Any CPU
		{7390711C-2CFB-4D4C-A0F0-E59EED84D698}.Ad-Hoc|Any CPU.Build.0 = Release|Any CPU
		{7390711C-2CFB-4D4C-A0F0-E59EED84D698}.Ad-Hoc|Any CPU.Deploy.0 = Release|Any CPU
		{7390711C-2CFB-4D4C-A0F0-E59EED84D698}.Ad-Hoc|iPhone.ActiveCfg = Release|Any CPU
		{7390711C-2CFB-4D4C-A0F0-E59EED84D698}.Ad-Hoc|iPhone.Build.0 = Release|Any CPU
		{7390711C-2CFB-4D4C-A0F0-E59EED84D698}.Ad-Hoc|iPhone.Deploy.0 = Release|Any CPU
		{7390711C-2CFB-4D4C-A0F0-E59EED84D698}.Ad-Hoc|iPhoneSimulator.ActiveCfg = Release|Any CPU
		{7390711C-2CFB-4D4C-A0F0-E59EED84D698}.Ad-Hoc|iPhoneSimulator.Build.0 = Release|Any CPU
		{7390711C-2CFB-4D4C-A0F0-E59EED84D698}.Ad-Hoc|iPhoneSimulator.Deploy.0 = Release|Any CPU
		{7390711C-2CFB-4D4C-A0F0-E59EED84D698}.AppStore|Any CPU.ActiveCfg = Release|Any CPU
		{7390711C-2CFB-4D4C-A0F0-E59EED84D698}.AppStore|Any CPU.Build.0 = Release|Any CPU
		{7390711C-2CFB-4D4C-A0F0-E59EED84D698}.AppStore|Any CPU.Deploy.0 = Release|Any CPU
		{7390711C-2CFB-4D4C-A0F0-E59EED84D698}.AppStore|iPhone.ActiveCfg = Release|Any CPU
		{7390711C-2CFB-4D4C-A0F0-E59EED84D698}.AppStore|iPhone.Build.0 = Release|Any CPU
		{7390711C-2CFB-4D4C-A0F0-E59EED84D698}.AppStore|iPhone.Deploy.0 = Release|Any CPU
		{7390711C-2CFB-4D4C-A0F0-E59EED84D698}.AppStore|iPhoneSimulator.ActiveCfg = Release|Any CPU
		{7390711C-2CFB-4D4C-A0F0-E59EED84D698}.AppStore|iPhoneSimulator.Build.0 = Release|Any CPU
		{7390711C-2CFB-4D4C-A0F0-E59EED84D698}.AppStore|iPhoneSimulator.Deploy.0 = Release|Any CPU
		{7390711C-2CFB-4D4C-A0F0-E59EED84D698}.Debug|Any CPU.ActiveCfg = Debug|Any CPU
		{7390711C-2CFB-4D4C-A0F0-E59EED84D698}.Debug|Any CPU.Build.0 = Debug|Any CPU
		{7390711C-2CFB-4D4C-A0F0-E59EED84D698}.Debug|Any CPU.Deploy.0 = Debug|Any CPU
		{7390711C-2CFB-4D4C-A0F0-E59EED84D698}.Debug|iPhone.ActiveCfg = Debug|Any CPU
		{7390711C-2CFB-4D4C-A0F0-E59EED84D698}.Debug|iPhone.Build.0 = Debug|Any CPU
		{7390711C-2CFB-4D4C-A0F0-E59EED84D698}.Debug|iPhone.Deploy.0 = Debug|Any CPU
		{7390711C-2CFB-4D4C-A0F0-E59EED84D698}.Debug|iPhoneSimulator.ActiveCfg = Debug|Any CPU
		{7390711C-2CFB-4D4C-A0F0-E59EED84D698}.Debug|iPhoneSimulator.Build.0 = Debug|Any CPU
		{7390711C-2CFB-4D4C-A0F0-E59EED84D698}.Debug|iPhoneSimulator.Deploy.0 = Debug|Any CPU
		{7390711C-2CFB-4D4C-A0F0-E59EED84D698}.Release|Any CPU.ActiveCfg = Release|Any CPU
		{7390711C-2CFB-4D4C-A0F0-E59EED84D698}.Release|Any CPU.Build.0 = Release|Any CPU
		{7390711C-2CFB-4D4C-A0F0-E59EED84D698}.Release|Any CPU.Deploy.0 = Release|Any CPU
		{7390711C-2CFB-4D4C-A0F0-E59EED84D698}.Release|iPhone.ActiveCfg = Release|Any CPU
		{7390711C-2CFB-4D4C-A0F0-E59EED84D698}.Release|iPhone.Build.0 = Release|Any CPU
		{7390711C-2CFB-4D4C-A0F0-E59EED84D698}.Release|iPhone.Deploy.0 = Release|Any CPU
		{7390711C-2CFB-4D4C-A0F0-E59EED84D698}.Release|iPhoneSimulator.ActiveCfg = Release|Any CPU
		{7390711C-2CFB-4D4C-A0F0-E59EED84D698}.Release|iPhoneSimulator.Build.0 = Release|Any CPU
		{7390711C-2CFB-4D4C-A0F0-E59EED84D698}.Release|iPhoneSimulator.Deploy.0 = Release|Any CPU
		{19E65F72-A079-4762-8913-98C924F4BBF8}.Ad-Hoc|Any CPU.ActiveCfg = Ad-Hoc|iPhone
		{19E65F72-A079-4762-8913-98C924F4BBF8}.Ad-Hoc|Any CPU.Build.0 = Ad-Hoc|iPhone
		{19E65F72-A079-4762-8913-98C924F4BBF8}.Ad-Hoc|Any CPU.Deploy.0 = Ad-Hoc|iPhone
		{19E65F72-A079-4762-8913-98C924F4BBF8}.Ad-Hoc|iPhone.ActiveCfg = Ad-Hoc|iPhone
		{19E65F72-A079-4762-8913-98C924F4BBF8}.Ad-Hoc|iPhone.Build.0 = Ad-Hoc|iPhone
		{19E65F72-A079-4762-8913-98C924F4BBF8}.Ad-Hoc|iPhone.Deploy.0 = Ad-Hoc|iPhone
		{19E65F72-A079-4762-8913-98C924F4BBF8}.Ad-Hoc|iPhoneSimulator.ActiveCfg = Ad-Hoc|iPhoneSimulator
		{19E65F72-A079-4762-8913-98C924F4BBF8}.Ad-Hoc|iPhoneSimulator.Build.0 = Ad-Hoc|iPhoneSimulator
		{19E65F72-A079-4762-8913-98C924F4BBF8}.Ad-Hoc|iPhoneSimulator.Deploy.0 = Ad-Hoc|iPhoneSimulator
		{19E65F72-A079-4762-8913-98C924F4BBF8}.AppStore|Any CPU.ActiveCfg = AppStore|iPhone
		{19E65F72-A079-4762-8913-98C924F4BBF8}.AppStore|Any CPU.Build.0 = AppStore|iPhone
		{19E65F72-A079-4762-8913-98C924F4BBF8}.AppStore|Any CPU.Deploy.0 = AppStore|iPhone
		{19E65F72-A079-4762-8913-98C924F4BBF8}.AppStore|iPhone.ActiveCfg = AppStore|iPhone
		{19E65F72-A079-4762-8913-98C924F4BBF8}.AppStore|iPhone.Build.0 = AppStore|iPhone
		{19E65F72-A079-4762-8913-98C924F4BBF8}.AppStore|iPhone.Deploy.0 = AppStore|iPhone
		{19E65F72-A079-4762-8913-98C924F4BBF8}.AppStore|iPhoneSimulator.ActiveCfg = AppStore|iPhoneSimulator
		{19E65F72-A079-4762-8913-98C924F4BBF8}.AppStore|iPhoneSimulator.Build.0 = AppStore|iPhoneSimulator
		{19E65F72-A079-4762-8913-98C924F4BBF8}.AppStore|iPhoneSimulator.Deploy.0 = AppStore|iPhoneSimulator
		{19E65F72-A079-4762-8913-98C924F4BBF8}.Debug|Any CPU.ActiveCfg = Debug|iPhoneSimulator
		{19E65F72-A079-4762-8913-98C924F4BBF8}.Debug|Any CPU.Build.0 = Debug|iPhoneSimulator
		{19E65F72-A079-4762-8913-98C924F4BBF8}.Debug|Any CPU.Deploy.0 = Debug|iPhoneSimulator
		{19E65F72-A079-4762-8913-98C924F4BBF8}.Debug|iPhone.ActiveCfg = Debug|iPhone
		{19E65F72-A079-4762-8913-98C924F4BBF8}.Debug|iPhone.Build.0 = Debug|iPhone
		{19E65F72-A079-4762-8913-98C924F4BBF8}.Debug|iPhone.Deploy.0 = Debug|iPhone
		{19E65F72-A079-4762-8913-98C924F4BBF8}.Debug|iPhoneSimulator.ActiveCfg = Debug|iPhoneSimulator
		{19E65F72-A079-4762-8913-98C924F4BBF8}.Debug|iPhoneSimulator.Build.0 = Debug|iPhoneSimulator
		{19E65F72-A079-4762-8913-98C924F4BBF8}.Debug|iPhoneSimulator.Deploy.0 = Debug|iPhoneSimulator
		{19E65F72-A079-4762-8913-98C924F4BBF8}.Release|Any CPU.ActiveCfg = Release|iPhone
		{19E65F72-A079-4762-8913-98C924F4BBF8}.Release|Any CPU.Build.0 = Release|iPhone
		{19E65F72-A079-4762-8913-98C924F4BBF8}.Release|Any CPU.Deploy.0 = Release|iPhone
		{19E65F72-A079-4762-8913-98C924F4BBF8}.Release|iPhone.ActiveCfg = Release|iPhone
		{19E65F72-A079-4762-8913-98C924F4BBF8}.Release|iPhone.Build.0 = Release|iPhone
		{19E65F72-A079-4762-8913-98C924F4BBF8}.Release|iPhone.Deploy.0 = Release|iPhone
		{19E65F72-A079-4762-8913-98C924F4BBF8}.Release|iPhoneSimulator.ActiveCfg = Release|iPhoneSimulator
		{19E65F72-A079-4762-8913-98C924F4BBF8}.Release|iPhoneSimulator.Build.0 = Release|iPhoneSimulator
		{19E65F72-A079-4762-8913-98C924F4BBF8}.Release|iPhoneSimulator.Deploy.0 = Release|iPhoneSimulator
		{09AD7B15-06A4-40DF-AA79-D569E7BE2AA0}.Ad-Hoc|Any CPU.ActiveCfg = Debug|Any CPU
		{09AD7B15-06A4-40DF-AA79-D569E7BE2AA0}.Ad-Hoc|Any CPU.Build.0 = Debug|Any CPU
		{09AD7B15-06A4-40DF-AA79-D569E7BE2AA0}.Ad-Hoc|Any CPU.Deploy.0 = Debug|Any CPU
		{09AD7B15-06A4-40DF-AA79-D569E7BE2AA0}.Ad-Hoc|iPhone.ActiveCfg = Debug|Any CPU
		{09AD7B15-06A4-40DF-AA79-D569E7BE2AA0}.Ad-Hoc|iPhone.Build.0 = Debug|Any CPU
		{09AD7B15-06A4-40DF-AA79-D569E7BE2AA0}.Ad-Hoc|iPhone.Deploy.0 = Debug|Any CPU
		{09AD7B15-06A4-40DF-AA79-D569E7BE2AA0}.Ad-Hoc|iPhoneSimulator.ActiveCfg = Debug|Any CPU
		{09AD7B15-06A4-40DF-AA79-D569E7BE2AA0}.Ad-Hoc|iPhoneSimulator.Build.0 = Debug|Any CPU
		{09AD7B15-06A4-40DF-AA79-D569E7BE2AA0}.Ad-Hoc|iPhoneSimulator.Deploy.0 = Debug|Any CPU
		{09AD7B15-06A4-40DF-AA79-D569E7BE2AA0}.AppStore|Any CPU.ActiveCfg = Debug|Any CPU
		{09AD7B15-06A4-40DF-AA79-D569E7BE2AA0}.AppStore|Any CPU.Build.0 = Debug|Any CPU
		{09AD7B15-06A4-40DF-AA79-D569E7BE2AA0}.AppStore|Any CPU.Deploy.0 = Debug|Any CPU
		{09AD7B15-06A4-40DF-AA79-D569E7BE2AA0}.AppStore|iPhone.ActiveCfg = Debug|Any CPU
		{09AD7B15-06A4-40DF-AA79-D569E7BE2AA0}.AppStore|iPhone.Build.0 = Debug|Any CPU
		{09AD7B15-06A4-40DF-AA79-D569E7BE2AA0}.AppStore|iPhone.Deploy.0 = Debug|Any CPU
		{09AD7B15-06A4-40DF-AA79-D569E7BE2AA0}.AppStore|iPhoneSimulator.ActiveCfg = Debug|Any CPU
		{09AD7B15-06A4-40DF-AA79-D569E7BE2AA0}.AppStore|iPhoneSimulator.Build.0 = Debug|Any CPU
		{09AD7B15-06A4-40DF-AA79-D569E7BE2AA0}.AppStore|iPhoneSimulator.Deploy.0 = Debug|Any CPU
		{09AD7B15-06A4-40DF-AA79-D569E7BE2AA0}.Debug|Any CPU.ActiveCfg = Debug|Any CPU
		{09AD7B15-06A4-40DF-AA79-D569E7BE2AA0}.Debug|Any CPU.Build.0 = Debug|Any CPU
		{09AD7B15-06A4-40DF-AA79-D569E7BE2AA0}.Debug|Any CPU.Deploy.0 = Debug|Any CPU
		{09AD7B15-06A4-40DF-AA79-D569E7BE2AA0}.Debug|iPhone.ActiveCfg = Debug|Any CPU
		{09AD7B15-06A4-40DF-AA79-D569E7BE2AA0}.Debug|iPhone.Build.0 = Debug|Any CPU
		{09AD7B15-06A4-40DF-AA79-D569E7BE2AA0}.Debug|iPhone.Deploy.0 = Debug|Any CPU
		{09AD7B15-06A4-40DF-AA79-D569E7BE2AA0}.Debug|iPhoneSimulator.ActiveCfg = Debug|Any CPU
		{09AD7B15-06A4-40DF-AA79-D569E7BE2AA0}.Debug|iPhoneSimulator.Build.0 = Debug|Any CPU
		{09AD7B15-06A4-40DF-AA79-D569E7BE2AA0}.Debug|iPhoneSimulator.Deploy.0 = Debug|Any CPU
		{09AD7B15-06A4-40DF-AA79-D569E7BE2AA0}.Release|Any CPU.ActiveCfg = Release|Any CPU
		{09AD7B15-06A4-40DF-AA79-D569E7BE2AA0}.Release|Any CPU.Build.0 = Release|Any CPU
		{09AD7B15-06A4-40DF-AA79-D569E7BE2AA0}.Release|Any CPU.Deploy.0 = Release|Any CPU
		{09AD7B15-06A4-40DF-AA79-D569E7BE2AA0}.Release|iPhone.ActiveCfg = Release|Any CPU
		{09AD7B15-06A4-40DF-AA79-D569E7BE2AA0}.Release|iPhone.Build.0 = Release|Any CPU
		{09AD7B15-06A4-40DF-AA79-D569E7BE2AA0}.Release|iPhone.Deploy.0 = Release|Any CPU
		{09AD7B15-06A4-40DF-AA79-D569E7BE2AA0}.Release|iPhoneSimulator.ActiveCfg = Release|Any CPU
		{09AD7B15-06A4-40DF-AA79-D569E7BE2AA0}.Release|iPhoneSimulator.Build.0 = Release|Any CPU
		{09AD7B15-06A4-40DF-AA79-D569E7BE2AA0}.Release|iPhoneSimulator.Deploy.0 = Release|Any CPU
	EndGlobalSection
	GlobalSection(SolutionProperties) = preSolution
		HideSolutionNode = FALSE
	EndGlobalSection
	GlobalSection(ExtensibilityGlobals) = postSolution
		SolutionGuid = {E3B083DC-6F7A-4A22-AE0C-F026501D226D}
	EndGlobalSection
EndGlobal
